<?xml version="1.0" encoding="utf-8"?>
<Project ToolsVersion="4.0" xmlns="http://schemas.microsoft.com/developer/msbuild/2003">
  <ItemGroup>
    <Filter Include="win32">
      <UniqueIdentifier>{84a8ebd7-7cf0-47f6-b75e-d441df67da40}</UniqueIdentifier>
    </Filter>
    <Filter Include="resource">
      <UniqueIdentifier>{715254bc-d70b-4ec5-bf29-467dd3ace079}</UniqueIdentifier>
    </Filter>
    <Filter Include="src">
      <UniqueIdentifier>{bb6c862e-70e9-49d9-81b7-3829a6f50471}</UniqueIdentifier>
    </Filter>
    <Filter Include="src\Input">
      <UniqueIdentifier>{982a3ebc-0ce7-4aec-8315-352948649e9b}</UniqueIdentifier>
    </Filter>
    <Filter Include="src\Player">
      <UniqueIdentifier>{f0ff05d9-af05-49ae-b041-efca80587d96}</UniqueIdentifier>
    </Filter>
    <Filter Include="src\WaveSpawner">
      <UniqueIdentifier>{99900e1e-c788-4149-80bd-739c37b20d4a}</UniqueIdentifier>
    </Filter>
    <Filter Include="src\Scenes">
      <UniqueIdentifier>{0320cdd8-26c3-4b0c-ba69-ea8bc5afcf7e}</UniqueIdentifier>
    </Filter>
    <Filter Include="src\GUI">
      <UniqueIdentifier>{f983c3f4-c87b-4b0b-be5b-41839f12dea2}</UniqueIdentifier>
    </Filter>
    <Filter Include="src\Audio">
      <UniqueIdentifier>{f17716ba-11c0-41a2-b5f0-ecb371c0f34a}</UniqueIdentifier>
    </Filter>
    <Filter Include="src\Enemy">
      <UniqueIdentifier>{a0d7230f-d5f3-47e4-a995-3e4f81ff86e3}</UniqueIdentifier>
    </Filter>
    <Filter Include="src\Items">
      <UniqueIdentifier>{cffd2af0-5ae2-476e-a865-db5db3f5f13a}</UniqueIdentifier>
    </Filter>
  </ItemGroup>
  <ItemGroup>
    <ClCompile Include="main.cpp">
      <Filter>win32</Filter>
    </ClCompile>
    <ClCompile Include="..\Classes\AppDelegate.cpp">
      <Filter>src</Filter>
    </ClCompile>
    <ClCompile Include="..\Classes\AnimationHandler.cpp">
      <Filter>src</Filter>
    </ClCompile>
    <ClCompile Include="..\Classes\Projectile.cpp">
      <Filter>src\Items</Filter>
    </ClCompile>
    <ClCompile Include="..\Classes\Shield.cpp">
      <Filter>src\Items</Filter>
    </ClCompile>
    <ClCompile Include="..\Classes\AudioManager.cpp">
      <Filter>src\Audio</Filter>
    </ClCompile>
    <ClCompile Include="..\Classes\BConstruct.cpp">
      <Filter>src\Enemy</Filter>
    </ClCompile>
    <ClCompile Include="..\Classes\BFunnel.cpp">
      <Filter>src\Enemy</Filter>
    </ClCompile>
    <ClCompile Include="..\Classes\Capule.cpp">
      <Filter>src\Enemy</Filter>
    </ClCompile>
    <ClCompile Include="..\Classes\Platonic.cpp">
      <Filter>src\Enemy</Filter>
    </ClCompile>
    <ClCompile Include="..\Classes\GUI.cpp">
      <Filter>src\GUI</Filter>
    </ClCompile>
    <ClCompile Include="..\Classes\GameInputManager.cpp">
      <Filter>src\Input</Filter>
    </ClCompile>
    <ClCompile Include="..\Classes\Input.cpp">
      <Filter>src\Input</Filter>
    </ClCompile>
    <ClCompile Include="..\Classes\pfunnel.cpp">
      <Filter>src\Player</Filter>
    </ClCompile>
    <ClCompile Include="..\Classes\Player.cpp">
      <Filter>src\Player</Filter>
    </ClCompile>
    <ClCompile Include="..\Classes\Attack.cpp">
      <Filter>src\Player</Filter>
    </ClCompile>
    <ClCompile Include="..\Classes\Powerup.cpp">
      <Filter>src\Items</Filter>
    </ClCompile>
    <ClCompile Include="..\Classes\FreezeTimeScene.cpp">
      <Filter>src\Scenes</Filter>
    </ClCompile>
    <ClCompile Include="..\Classes\HelloWorldScene.cpp">
      <Filter>src\Scenes</Filter>
    </ClCompile>
    <ClCompile Include="..\Classes\MainMenuScene.cpp">
      <Filter>src\Scenes</Filter>
    </ClCompile>
    <ClCompile Include="..\Classes\SceneManager.cpp">
      <Filter>src\Scenes</Filter>
    </ClCompile>
    <ClCompile Include="..\Classes\Entity.cpp">
      <Filter>src\WaveSpawner</Filter>
    </ClCompile>
    <ClCompile Include="..\Classes\WaveSpawner.cpp">
      <Filter>src\WaveSpawner</Filter>
    </ClCompile>
  </ItemGroup>
  <ItemGroup>
    <ClInclude Include="main.h">
      <Filter>win32</Filter>
    </ClInclude>
    <ClInclude Include="..\Classes\AppDelegate.h">
      <Filter>src</Filter>
    </ClInclude>
    <ClInclude Include="..\Classes\AnimationHandler.h">
      <Filter>src</Filter>
    </ClInclude>
    <ClInclude Include="..\Classes\Projectile.h">
      <Filter>src\Items</Filter>
    </ClInclude>
    <ClInclude Include="..\Classes\Shield.h">
      <Filter>src\Items</Filter>
    </ClInclude>
    <ClInclude Include="..\Classes\AudioManager.h">
      <Filter>src\Audio</Filter>
    </ClInclude>
    <ClInclude Include="..\Classes\BConstruct.h">
      <Filter>src\Enemy</Filter>
    </ClInclude>
    <ClInclude Include="..\Classes\BFunnel.h">
      <Filter>src\Enemy</Filter>
    </ClInclude>
    <ClInclude Include="..\Classes\Capule.h">
      <Filter>src\Enemy</Filter>
    </ClInclude>
    <ClInclude Include="..\Classes\Platonic.h">
      <Filter>src\Enemy</Filter>
    </ClInclude>
    <ClInclude Include="..\Classes\GUI.h">
      <Filter>src\GUI</Filter>
    </ClInclude>
    <ClInclude Include="..\Classes\GameInputManager.h">
      <Filter>src\Input</Filter>
    </ClInclude>
    <ClInclude Include="..\Classes\Input.h">
      <Filter>src\Input</Filter>
    </ClInclude>
    <ClInclude Include="..\Classes\pfunnel.h">
      <Filter>src\Player</Filter>
    </ClInclude>
    <ClInclude Include="..\Classes\Player.h">
      <Filter>src\Player</Filter>
    </ClInclude>
    <ClInclude Include="..\Classes\Attack.h">
      <Filter>src\Player</Filter>
    </ClInclude>
    <ClInclude Include="..\Classes\Powerup.h">
      <Filter>src\Items</Filter>
    </ClInclude>
    <ClInclude Include="..\Classes\FreezeTimeScene.h">
      <Filter>src\Scenes</Filter>
    </ClInclude>
    <ClInclude Include="..\Classes\HelloWorldScene.h">
      <Filter>src\Scenes</Filter>
    </ClInclude>
    <ClInclude Include="..\Classes\MainMenuScene.h">
      <Filter>src\Scenes</Filter>
    </ClInclude>
    <ClInclude Include="..\Classes\SceneManager.h">
      <Filter>src\Scenes</Filter>
    </ClInclude>
    <ClInclude Include="..\Classes\EnemyData.h">
      <Filter>src\WaveSpawner</Filter>
    </ClInclude>
    <ClInclude Include="..\Classes\Entity.h">
      <Filter>src\WaveSpawner</Filter>
    </ClInclude>
    <ClInclude Include="..\Classes\WaveSpawner.h">
      <Filter>src\WaveSpawner</Filter>
    </ClInclude>
  </ItemGroup>
  <ItemGroup>
    <ResourceCompile Include="game.rc">
      <Filter>resource</Filter>
    </ResourceCompile>
  </ItemGroup>
</Project>