<?xml version="1.0" encoding="utf-8"?>
<Project ToolsVersion="4.0" xmlns="http://schemas.microsoft.com/developer/msbuild/2003">
  <ItemGroup>
    <Filter Include="win32">
      <UniqueIdentifier>{84a8ebd7-7cf0-47f6-b75e-d441df67da40}</UniqueIdentifier>
    </Filter>
    <Filter Include="resource">
      <UniqueIdentifier>{715254bc-d70b-4ec5-bf29-467dd3ace079}</UniqueIdentifier>
    </Filter>
    <Filter Include="src">
      <UniqueIdentifier>{bb6c862e-70e9-49d9-81b7-3829a6f50471}</UniqueIdentifier>
    </Filter>
    <Filter Include="src\Input">
      <UniqueIdentifier>{982a3ebc-0ce7-4aec-8315-352948649e9b}</UniqueIdentifier>
    </Filter>
    <Filter Include="src\Player">
      <UniqueIdentifier>{f0ff05d9-af05-49ae-b041-efca80587d96}</UniqueIdentifier>
    </Filter>
    <Filter Include="src\WaveSpawner">
      <UniqueIdentifier>{99900e1e-c788-4149-80bd-739c37b20d4a}</UniqueIdentifier>
    </Filter>
    <Filter Include="src\Scenes">
      <UniqueIdentifier>{0320cdd8-26c3-4b0c-ba69-ea8bc5afcf7e}</UniqueIdentifier>
    </Filter>
    <Filter Include="src\LightEffect">
      <UniqueIdentifier>{c6a6abb0-1434-4323-a30e-9639fba6eef5}</UniqueIdentifier>
    </Filter>
    <Filter Include="src\Attack">
      <UniqueIdentifier>{cffd2af0-5ae2-476e-a865-db5db3f5f13a}</UniqueIdentifier>
    </Filter>
    <Filter Include="src\GUI">
      <UniqueIdentifier>{f983c3f4-c87b-4b0b-be5b-41839f12dea2}</UniqueIdentifier>
    </Filter>
    <Filter Include="src\Audio">
      <UniqueIdentifier>{f17716ba-11c0-41a2-b5f0-ecb371c0f34a}</UniqueIdentifier>
    </Filter>
    <Filter Include="src\Enemy">
      <UniqueIdentifier>{8ebfb20c-c89b-4f0e-bb6c-94c12c3c0277}</UniqueIdentifier>
    </Filter>
  </ItemGroup>
  <ItemGroup>
    <ClCompile Include="main.cpp">
      <Filter>win32</Filter>
    </ClCompile>
    <ClCompile Include="..\Classes\AppDelegate.cpp">
      <Filter>src</Filter>
    </ClCompile>
    <ClCompile Include="..\Classes\Input\Input.cpp">
      <Filter>src\Input</Filter>
    </ClCompile>
    <ClCompile Include="..\Classes\AnimationHandler.cpp">
      <Filter>src</Filter>
    </ClCompile>
    <ClCompile Include="..\Classes\WaveSpawner\WaveSpawner.cpp">
      <Filter>src\WaveSpawner</Filter>
    </ClCompile>
    <ClCompile Include="..\Classes\Player\Player.cpp">
      <Filter>src\Player</Filter>
    </ClCompile>
    <ClCompile Include="..\Classes\Input\GameInputManager.cpp">
      <Filter>src\Input</Filter>
    </ClCompile>
    <ClCompile Include="..\Classes\Scenes\HelloWorldScene.cpp">
      <Filter>src\Scenes</Filter>
    </ClCompile>
    <ClCompile Include="..\Classes\Scenes\MainMenuScene.cpp">
      <Filter>src\Scenes</Filter>
    </ClCompile>
    <ClCompile Include="..\Classes\Scenes\SceneManager.cpp">
      <Filter>src\Scenes</Filter>
    </ClCompile>
    <ClCompile Include="..\Classes\LightEffect\Effect.cpp">
      <Filter>src\LightEffect</Filter>
    </ClCompile>
    <ClCompile Include="..\Classes\LightEffect\EffectSprite.cpp">
      <Filter>src\LightEffect</Filter>
    </ClCompile>
    <ClCompile Include="..\Classes\LightEffect\LightEffect.cpp">
      <Filter>src\LightEffect</Filter>
    </ClCompile>
    <ClCompile Include="..\Classes\WaveSpawner\Entity.cpp">
      <Filter>src\WaveSpawner</Filter>
    </ClCompile>
    <ClCompile Include="..\Classes\Attack\Attack.cpp">
      <Filter>src\Attack</Filter>
    </ClCompile>
    <ClCompile Include="..\Classes\Attack\Projectile.cpp">
      <Filter>src\Attack</Filter>
    </ClCompile>
    <ClCompile Include="..\Classes\GUI\GUI.cpp">
      <Filter>src\GUI</Filter>
    </ClCompile>
    <ClCompile Include="..\Classes\Audio\AudioManager.cpp">
      <Filter>src\Audio</Filter>
    </ClCompile>
    <ClCompile Include="..\Classes\Enemy\Capule.cpp">
      <Filter>src\Enemy</Filter>
    </ClCompile>
    <ClCompile Include="..\Classes\Enemy\Platonic.cpp">
      <Filter>src\Enemy</Filter>
    </ClCompile>
  </ItemGroup>
  <ItemGroup>
    <ClInclude Include="main.h">
      <Filter>win32</Filter>
    </ClInclude>
    <ClInclude Include="..\Classes\AppDelegate.h">
      <Filter>src</Filter>
    </ClInclude>
    <ClInclude Include="..\Classes\Input\Input.h">
      <Filter>src\Input</Filter>
    </ClInclude>
    <ClInclude Include="..\Classes\AnimationHandler.h">
      <Filter>src</Filter>
    </ClInclude>
    <ClInclude Include="..\Classes\WaveSpawner\EnemyData.h">
      <Filter>src\WaveSpawner</Filter>
    </ClInclude>
    <ClInclude Include="..\Classes\WaveSpawner\WaveSpawner.h">
      <Filter>src\WaveSpawner</Filter>
    </ClInclude>
    <ClInclude Include="..\Classes\Player\Player.h">
      <Filter>src\Player</Filter>
    </ClInclude>
    <ClInclude Include="..\Classes\Input\GameInputManager.h">
      <Filter>src\Input</Filter>
    </ClInclude>
    <ClInclude Include="..\Classes\Scenes\HelloWorldScene.h">
      <Filter>src\Scenes</Filter>
    </ClInclude>
    <ClInclude Include="..\Classes\Scenes\MainMenuScene.h">
      <Filter>src\Scenes</Filter>
    </ClInclude>
    <ClInclude Include="..\Classes\Scenes\SceneManager.h">
      <Filter>src\Scenes</Filter>
    </ClInclude>
    <ClInclude Include="..\Classes\LightEffect\Effect.h">
      <Filter>src\LightEffect</Filter>
    </ClInclude>
    <ClInclude Include="..\Classes\LightEffect\EffectSprite.h">
      <Filter>src\LightEffect</Filter>
    </ClInclude>
    <ClInclude Include="..\Classes\LightEffect\LightEffect.h">
      <Filter>src\LightEffect</Filter>
    </ClInclude>
    <ClInclude Include="..\Classes\WaveSpawner\Entity.h">
      <Filter>src\WaveSpawner</Filter>
    </ClInclude>
    <ClInclude Include="..\Classes\Attack\Attack.h">
      <Filter>src\Attack</Filter>
    </ClInclude>
    <ClInclude Include="..\Classes\Attack\Projectile.h">
      <Filter>src\Attack</Filter>
    </ClInclude>
    <ClInclude Include="..\Classes\GUI\GUI.h">
      <Filter>src\GUI</Filter>
    </ClInclude>
    <ClInclude Include="..\Classes\Audio\AudioManager.h">
      <Filter>src\Audio</Filter>
    </ClInclude>
    <ClInclude Include="..\Classes\Enemy\Capule.h">
      <Filter>src\Enemy</Filter>
    </ClInclude>
    <ClInclude Include="..\Classes\Enemy\Platonic.h">
      <Filter>src\Enemy</Filter>
    </ClInclude>
  </ItemGroup>
  <ItemGroup>
    <ResourceCompile Include="game.rc">
      <Filter>resource</Filter>
    </ResourceCompile>
  </ItemGroup>
</Project>